
Microsoft Visual Studio Solution File, Format Version 12.00
# Visual Studio Version 16
VisualStudioVersion = 16.0.31624.102
MinimumVisualStudioVersion = 10.0.40219.1
Project("{9A19103F-16F7-4668-BE54-9A1E7A4F7556}") = "ProductsShop.WebAPI", "ProductsShop.WebAPI\ProductsShop.WebAPI.csproj", "{5581561A-A5EA-4C71-8A60-D7BA3868A2E2}"
EndProject
Project("{9A19103F-16F7-4668-BE54-9A1E7A4F7556}") = "ProductsShop.WebAPI.Core", "ProductsShop.WebAPI.Core\ProductsShop.WebAPI.Core.csproj", "{9F11DBAE-9F51-407A-8EAF-A3E190C5A82B}"
EndProject
Project("{9A19103F-16F7-4668-BE54-9A1E7A4F7556}") = "ProductsShop.WebAPI.Abstraction", "ProductsShop.WebAPI.Abstraction\ProductsShop.WebAPI.Abstraction.csproj", "{3D64D91F-0864-41B1-91B7-7C59AC412C99}"
EndProject
Global
	GlobalSection(SolutionConfigurationPlatforms) = preSolution
		Debug|Any CPU = Debug|Any CPU
		Release|Any CPU = Release|Any CPU
	EndGlobalSection
	GlobalSection(ProjectConfigurationPlatforms) = postSolution
		{5581561A-A5EA-4C71-8A60-D7BA3868A2E2}.Debug|Any CPU.ActiveCfg = Debug|Any CPU
		{5581561A-A5EA-4C71-8A60-D7BA3868A2E2}.Debug|Any CPU.Build.0 = Debug|Any CPU
		{5581561A-A5EA-4C71-8A60-D7BA3868A2E2}.Release|Any CPU.ActiveCfg = Release|Any CPU
		{5581561A-A5EA-4C71-8A60-D7BA3868A2E2}.Release|Any CPU.Build.0 = Release|Any CPU
		{9F11DBAE-9F51-407A-8EAF-A3E190C5A82B}.Debug|Any CPU.ActiveCfg = Debug|Any CPU
		{9F11DBAE-9F51-407A-8EAF-A3E190C5A82B}.Debug|Any CPU.Build.0 = Debug|Any CPU
		{9F11DBAE-9F51-407A-8EAF-A3E190C5A82B}.Release|Any CPU.ActiveCfg = Release|Any CPU
		{9F11DBAE-9F51-407A-8EAF-A3E190C5A82B}.Release|Any CPU.Build.0 = Release|Any CPU
		{3D64D91F-0864-41B1-91B7-7C59AC412C99}.Debug|Any CPU.ActiveCfg = Debug|Any CPU
		{3D64D91F-0864-41B1-91B7-7C59AC412C99}.Debug|Any CPU.Build.0 = Debug|Any CPU
		{3D64D91F-0864-41B1-91B7-7C59AC412C99}.Release|Any CPU.ActiveCfg = Release|Any CPU
		{3D64D91F-0864-41B1-91B7-7C59AC412C99}.Release|Any CPU.Build.0 = Release|Any CPU
	EndGlobalSection
	GlobalSection(SolutionProperties) = preSolution
		HideSolutionNode = FALSE
	EndGlobalSection
	GlobalSection(ExtensibilityGlobals) = postSolution
		SolutionGuid = {891037DD-4C85-462C-B988-F86BA1D0056E}
	EndGlobalSection
EndGlobal
